PODS:
  - IQKeyboardManager (6.5.5)
  - SnapKit (5.0.1)

DEPENDENCIES:
  - IQKeyboardManager
  - SnapKit

SPEC REPOS:
  https://github.com/cocoapods/specs.git:
    - IQKeyboardManager
    - SnapKit

SPEC CHECKSUMS:
  IQKeyboardManager: 3a8b9e603f8b0eeaf5f096a1f2b2cfcf121992ef
  SnapKit: 97b92857e3df3a0c71833cce143274bf6ef8e5eb

PODFILE CHECKSUM: dc80f4eee16110f2f642daf5f5394dc938b92a22

COCOAPODS: 1.8.4
